
Microsoft Visual Studio Solution File, Format Version 12.00
# Visual Studio Version 17
VisualStudioVersion = 17.10.34916.146
MinimumVisualStudioVersion = 10.0.40219.1
Project("{FAE04EC0-301F-11D3-BF4B-00C04F79EFBC}") = "CSharpCraft", "CSharpCraft\CSharpCraft.csproj", "{3571E969-5E89-4DC2-A368-3FBBDC528EA8}"
EndProject
Project("{9A19103F-16F7-4668-BE54-9A1E7A4F7556}") = "FNA.Core", "..\..\..\FNA\FNA.Core.csproj", "{AF2CA430-F717-44A0-898D-50534229316F}"
EndProject
Global
	GlobalSection(SolutionConfigurationPlatforms) = preSolution
		Debug|Any CPU = Debug|Any CPU
		Debug|x64 = Debug|x64
		Release|Any CPU = Release|Any CPU
		Release|x64 = Release|x64
	EndGlobalSection
	GlobalSection(ProjectConfigurationPlatforms) = postSolution
		{3571E969-5E89-4DC2-A368-3FBBDC528EA8}.Debug|Any CPU.ActiveCfg = Debug|Any CPU
		{3571E969-5E89-4DC2-A368-3FBBDC528EA8}.Debug|Any CPU.Build.0 = Debug|Any CPU
		{3571E969-5E89-4DC2-A368-3FBBDC528EA8}.Debug|x64.ActiveCfg = Debug|Any CPU
		{3571E969-5E89-4DC2-A368-3FBBDC528EA8}.Debug|x64.Build.0 = Debug|Any CPU
		{3571E969-5E89-4DC2-A368-3FBBDC528EA8}.Release|Any CPU.ActiveCfg = Release|Any CPU
		{3571E969-5E89-4DC2-A368-3FBBDC528EA8}.Release|Any CPU.Build.0 = Release|Any CPU
		{3571E969-5E89-4DC2-A368-3FBBDC528EA8}.Release|x64.ActiveCfg = Release|Any CPU
		{3571E969-5E89-4DC2-A368-3FBBDC528EA8}.Release|x64.Build.0 = Release|Any CPU
		{AF2CA430-F717-44A0-898D-50534229316F}.Debug|Any CPU.ActiveCfg = Debug|Any CPU
		{AF2CA430-F717-44A0-898D-50534229316F}.Debug|Any CPU.Build.0 = Debug|Any CPU
		{AF2CA430-F717-44A0-898D-50534229316F}.Debug|x64.ActiveCfg = Debug|x64
		{AF2CA430-F717-44A0-898D-50534229316F}.Debug|x64.Build.0 = Debug|x64
		{AF2CA430-F717-44A0-898D-50534229316F}.Release|Any CPU.ActiveCfg = Release|Any CPU
		{AF2CA430-F717-44A0-898D-50534229316F}.Release|Any CPU.Build.0 = Release|Any CPU
		{AF2CA430-F717-44A0-898D-50534229316F}.Release|x64.ActiveCfg = Release|x64
		{AF2CA430-F717-44A0-898D-50534229316F}.Release|x64.Build.0 = Release|x64
	EndGlobalSection
	GlobalSection(SolutionProperties) = preSolution
		HideSolutionNode = FALSE
	EndGlobalSection
	GlobalSection(ExtensibilityGlobals) = postSolution
		SolutionGuid = {7A0538D9-A813-427C-A3F1-1965F0C91F3C}
	EndGlobalSection
EndGlobal
