<Solution>
  <Configurations>
    <Platform Name="Any CPU" />
    <Platform Name="x64" />
  </Configurations>
  <Project Path="../../../FNA/FNA.Core.csproj">
    <Platform Solution="*|x64" Project="x64" />
  </Project>
  <Project Path="CSharpCraft.Game/CSharpCraft.Game.csproj" />
  <Project Path="Pico8/Pico8.csproj">
    <Platform Solution="*|x64" Project="x64" />
  </Project>
  <Project Path="CSharpCraft.Tests/CSharpCraft.Tests.csproj" />
</Solution>
